
Microsoft Visual Studio Solution File, Format Version 12.00
# Visual Studio Version 16
VisualStudioVersion = 16.0.31205.134
MinimumVisualStudioVersion = 10.0.40219.1
Project("{FAE04EC0-301F-11D3-BF4B-00C04F79EFBC}") = "Bowling", "Bowling\Bowling.csproj", "{C15B5FD7-39EA-4F50-8382-945EF6E4ACCD}"
EndProject
Project("{FAE04EC0-301F-11D3-BF4B-00C04F79EFBC}") = "BowlingTest", "BowlingTest\BowlingTest.csproj", "{120D30BB-5D21-4847-A93E-AF1130F56603}"
EndProject
Global
	GlobalSection(SolutionConfigurationPlatforms) = preSolution
		Debug|Any CPU = Debug|Any CPU
		Release|Any CPU = Release|Any CPU
	EndGlobalSection
	GlobalSection(ProjectConfigurationPlatforms) = postSolution
		{C15B5FD7-39EA-4F50-8382-945EF6E4ACCD}.Debug|Any CPU.ActiveCfg = Debug|Any CPU
		{C15B5FD7-39EA-4F50-8382-945EF6E4ACCD}.Debug|Any CPU.Build.0 = Debug|Any CPU
		{C15B5FD7-39EA-4F50-8382-945EF6E4ACCD}.Release|Any CPU.ActiveCfg = Release|Any CPU
		{C15B5FD7-39EA-4F50-8382-945EF6E4ACCD}.Release|Any CPU.Build.0 = Release|Any CPU
		{120D30BB-5D21-4847-A93E-AF1130F56603}.Debug|Any CPU.ActiveCfg = Debug|Any CPU
		{120D30BB-5D21-4847-A93E-AF1130F56603}.Debug|Any CPU.Build.0 = Debug|Any CPU
		{120D30BB-5D21-4847-A93E-AF1130F56603}.Release|Any CPU.ActiveCfg = Release|Any CPU
		{120D30BB-5D21-4847-A93E-AF1130F56603}.Release|Any CPU.Build.0 = Release|Any CPU
	EndGlobalSection
	GlobalSection(SolutionProperties) = preSolution
		HideSolutionNode = FALSE
	EndGlobalSection
	GlobalSection(ExtensibilityGlobals) = postSolution
		SolutionGuid = {D18CF22E-EFEB-4E6C-8439-8921D0E0FFAA}
	EndGlobalSection
EndGlobal
